
Microsoft Visual Studio Solution File, Format Version 12.00
# Visual Studio Version 16
VisualStudioVersion = 16.0.31729.503
MinimumVisualStudioVersion = 10.0.40219.1
Project("{FAE04EC0-301F-11D3-BF4B-00C04F79EFBC}") = "Anidados 1", "Anidados 1\Anidados 1.csproj", "{022E5B1A-3EE4-440F-BF6F-9013556347F3}"
EndProject
Project("{FAE04EC0-301F-11D3-BF4B-00C04F79EFBC}") = "Anidados 2", "Anidados 2\Anidados 2.csproj", "{17FA8124-D028-4E72-8DDD-C2D3F351CCC9}"
EndProject
Project("{FAE04EC0-301F-11D3-BF4B-00C04F79EFBC}") = "Anidados 3", "Anidados 3\Anidados 3.csproj", "{4AA834AB-7C58-45BC-88F3-F1C782B667F4}"
EndProject
Project("{FAE04EC0-301F-11D3-BF4B-00C04F79EFBC}") = "Anidados 4", "ConsoleApp1\Anidados 4.csproj", "{0110C85B-F1DE-455C-9711-03E233CD26B9}"
EndProject
Project("{FAE04EC0-301F-11D3-BF4B-00C04F79EFBC}") = "Anidados 5", "Anidados 5\Anidados 5.csproj", "{BC33B609-2793-4923-ABD5-3BBBD66EE196}"
EndProject
Project("{FAE04EC0-301F-11D3-BF4B-00C04F79EFBC}") = "Anidados 6", "Anidados 6\Anidados 6.csproj", "{05C56381-3F1B-46BA-ADE4-23404FAFD2DC}"
EndProject
Project("{FAE04EC0-301F-11D3-BF4B-00C04F79EFBC}") = "Anidados 7", "Anidados 7\Anidados 7.csproj", "{818FFCCF-F28C-49C6-BFA1-A3F50EB3C894}"
EndProject
Project("{FAE04EC0-301F-11D3-BF4B-00C04F79EFBC}") = "Anidados 8", "Anidados 8\Anidados 8.csproj", "{AA6E71C9-3F1F-4B3F-A090-73862D70007C}"
EndProject
Project("{FAE04EC0-301F-11D3-BF4B-00C04F79EFBC}") = "Anidados 9", "Anidados 9\Anidados 9.csproj", "{DE26BED5-5CE6-4EEE-8CC5-368A6DA09735}"
EndProject
Project("{FAE04EC0-301F-11D3-BF4B-00C04F79EFBC}") = "Anidados 10", "Anidados 10\Anidados 10.csproj", "{7DFD6CD2-C4D8-487F-80EB-55BBE58E1969}"
EndProject
Global
	GlobalSection(SolutionConfigurationPlatforms) = preSolution
		Debug|Any CPU = Debug|Any CPU
		Release|Any CPU = Release|Any CPU
	EndGlobalSection
	GlobalSection(ProjectConfigurationPlatforms) = postSolution
		{022E5B1A-3EE4-440F-BF6F-9013556347F3}.Debug|Any CPU.ActiveCfg = Debug|Any CPU
		{022E5B1A-3EE4-440F-BF6F-9013556347F3}.Debug|Any CPU.Build.0 = Debug|Any CPU
		{022E5B1A-3EE4-440F-BF6F-9013556347F3}.Release|Any CPU.ActiveCfg = Release|Any CPU
		{022E5B1A-3EE4-440F-BF6F-9013556347F3}.Release|Any CPU.Build.0 = Release|Any CPU
		{17FA8124-D028-4E72-8DDD-C2D3F351CCC9}.Debug|Any CPU.ActiveCfg = Debug|Any CPU
		{17FA8124-D028-4E72-8DDD-C2D3F351CCC9}.Debug|Any CPU.Build.0 = Debug|Any CPU
		{17FA8124-D028-4E72-8DDD-C2D3F351CCC9}.Release|Any CPU.ActiveCfg = Release|Any CPU
		{17FA8124-D028-4E72-8DDD-C2D3F351CCC9}.Release|Any CPU.Build.0 = Release|Any CPU
		{4AA834AB-7C58-45BC-88F3-F1C782B667F4}.Debug|Any CPU.ActiveCfg = Debug|Any CPU
		{4AA834AB-7C58-45BC-88F3-F1C782B667F4}.Debug|Any CPU.Build.0 = Debug|Any CPU
		{4AA834AB-7C58-45BC-88F3-F1C782B667F4}.Release|Any CPU.ActiveCfg = Release|Any CPU
		{4AA834AB-7C58-45BC-88F3-F1C782B667F4}.Release|Any CPU.Build.0 = Release|Any CPU
		{0110C85B-F1DE-455C-9711-03E233CD26B9}.Debug|Any CPU.ActiveCfg = Debug|Any CPU
		{0110C85B-F1DE-455C-9711-03E233CD26B9}.Debug|Any CPU.Build.0 = Debug|Any CPU
		{0110C85B-F1DE-455C-9711-03E233CD26B9}.Release|Any CPU.ActiveCfg = Release|Any CPU
		{0110C85B-F1DE-455C-9711-03E233CD26B9}.Release|Any CPU.Build.0 = Release|Any CPU
		{BC33B609-2793-4923-ABD5-3BBBD66EE196}.Debug|Any CPU.ActiveCfg = Debug|Any CPU
		{BC33B609-2793-4923-ABD5-3BBBD66EE196}.Debug|Any CPU.Build.0 = Debug|Any CPU
		{BC33B609-2793-4923-ABD5-3BBBD66EE196}.Release|Any CPU.ActiveCfg = Release|Any CPU
		{BC33B609-2793-4923-ABD5-3BBBD66EE196}.Release|Any CPU.Build.0 = Release|Any CPU
		{05C56381-3F1B-46BA-ADE4-23404FAFD2DC}.Debug|Any CPU.ActiveCfg = Debug|Any CPU
		{05C56381-3F1B-46BA-ADE4-23404FAFD2DC}.Debug|Any CPU.Build.0 = Debug|Any CPU
		{05C56381-3F1B-46BA-ADE4-23404FAFD2DC}.Release|Any CPU.ActiveCfg = Release|Any CPU
		{05C56381-3F1B-46BA-ADE4-23404FAFD2DC}.Release|Any CPU.Build.0 = Release|Any CPU
		{818FFCCF-F28C-49C6-BFA1-A3F50EB3C894}.Debug|Any CPU.ActiveCfg = Debug|Any CPU
		{818FFCCF-F28C-49C6-BFA1-A3F50EB3C894}.Debug|Any CPU.Build.0 = Debug|Any CPU
		{818FFCCF-F28C-49C6-BFA1-A3F50EB3C894}.Release|Any CPU.ActiveCfg = Release|Any CPU
		{818FFCCF-F28C-49C6-BFA1-A3F50EB3C894}.Release|Any CPU.Build.0 = Release|Any CPU
		{AA6E71C9-3F1F-4B3F-A090-73862D70007C}.Debug|Any CPU.ActiveCfg = Debug|Any CPU
		{AA6E71C9-3F1F-4B3F-A090-73862D70007C}.Debug|Any CPU.Build.0 = Debug|Any CPU
		{AA6E71C9-3F1F-4B3F-A090-73862D70007C}.Release|Any CPU.ActiveCfg = Release|Any CPU
		{AA6E71C9-3F1F-4B3F-A090-73862D70007C}.Release|Any CPU.Build.0 = Release|Any CPU
		{DE26BED5-5CE6-4EEE-8CC5-368A6DA09735}.Debug|Any CPU.ActiveCfg = Debug|Any CPU
		{DE26BED5-5CE6-4EEE-8CC5-368A6DA09735}.Debug|Any CPU.Build.0 = Debug|Any CPU
		{DE26BED5-5CE6-4EEE-8CC5-368A6DA09735}.Release|Any CPU.ActiveCfg = Release|Any CPU
		{DE26BED5-5CE6-4EEE-8CC5-368A6DA09735}.Release|Any CPU.Build.0 = Release|Any CPU
		{7DFD6CD2-C4D8-487F-80EB-55BBE58E1969}.Debug|Any CPU.ActiveCfg = Debug|Any CPU
		{7DFD6CD2-C4D8-487F-80EB-55BBE58E1969}.Debug|Any CPU.Build.0 = Debug|Any CPU
		{7DFD6CD2-C4D8-487F-80EB-55BBE58E1969}.Release|Any CPU.ActiveCfg = Release|Any CPU
		{7DFD6CD2-C4D8-487F-80EB-55BBE58E1969}.Release|Any CPU.Build.0 = Release|Any CPU
	EndGlobalSection
	GlobalSection(SolutionProperties) = preSolution
		HideSolutionNode = FALSE
	EndGlobalSection
	GlobalSection(ExtensibilityGlobals) = postSolution
		SolutionGuid = {68B2C809-03B0-4F1F-A5DB-381B88051756}
	EndGlobalSection
EndGlobal
