
Microsoft Visual Studio Solution File, Format Version 12.00
# Visual Studio Version 16
VisualStudioVersion = 16.0.31729.503
MinimumVisualStudioVersion = 10.0.40219.1
Project("{FAE04EC0-301F-11D3-BF4B-00C04F79EFBC}") = "Multiples 1", "Multiples 1\Multiples 1.csproj", "{6740C5AD-5C29-49D0-B66D-0C078D1EDA30}"
EndProject
Project("{FAE04EC0-301F-11D3-BF4B-00C04F79EFBC}") = "Multiples 2", "Multiples 2\Multiples 2.csproj", "{6E0D8E1B-1AEF-46F4-9FC6-337E459F6448}"
EndProject
Project("{FAE04EC0-301F-11D3-BF4B-00C04F79EFBC}") = "Multiples 3", "Multiples 3\Multiples 3.csproj", "{B977A3A3-C7A1-4E41-8461-933529D236D0}"
EndProject
Project("{FAE04EC0-301F-11D3-BF4B-00C04F79EFBC}") = "Multiples 4", "Multiplos 4\Multiples 4.csproj", "{B493D2BC-E73D-47EF-A36E-F161A0046403}"
EndProject
Project("{FAE04EC0-301F-11D3-BF4B-00C04F79EFBC}") = "Multiples 5", "Multiples 5\Multiples 5.csproj", "{7B2EA739-6CAF-42A2-9489-218E28964DDF}"
EndProject
Project("{FAE04EC0-301F-11D3-BF4B-00C04F79EFBC}") = "Multiples 6", "Multiples 6\Multiples 6.csproj", "{55CFA38D-3F06-41A6-A403-D2E5EED06250}"
EndProject
Project("{FAE04EC0-301F-11D3-BF4B-00C04F79EFBC}") = "Multiples  7", "Multiples  7\Multiples  7.csproj", "{117BD92B-CAEA-4783-BAB7-72714B3604B2}"
EndProject
Global
	GlobalSection(SolutionConfigurationPlatforms) = preSolution
		Debug|Any CPU = Debug|Any CPU
		Release|Any CPU = Release|Any CPU
	EndGlobalSection
	GlobalSection(ProjectConfigurationPlatforms) = postSolution
		{6740C5AD-5C29-49D0-B66D-0C078D1EDA30}.Debug|Any CPU.ActiveCfg = Debug|Any CPU
		{6740C5AD-5C29-49D0-B66D-0C078D1EDA30}.Debug|Any CPU.Build.0 = Debug|Any CPU
		{6740C5AD-5C29-49D0-B66D-0C078D1EDA30}.Release|Any CPU.ActiveCfg = Release|Any CPU
		{6740C5AD-5C29-49D0-B66D-0C078D1EDA30}.Release|Any CPU.Build.0 = Release|Any CPU
		{6E0D8E1B-1AEF-46F4-9FC6-337E459F6448}.Debug|Any CPU.ActiveCfg = Debug|Any CPU
		{6E0D8E1B-1AEF-46F4-9FC6-337E459F6448}.Debug|Any CPU.Build.0 = Debug|Any CPU
		{6E0D8E1B-1AEF-46F4-9FC6-337E459F6448}.Release|Any CPU.ActiveCfg = Release|Any CPU
		{6E0D8E1B-1AEF-46F4-9FC6-337E459F6448}.Release|Any CPU.Build.0 = Release|Any CPU
		{B977A3A3-C7A1-4E41-8461-933529D236D0}.Debug|Any CPU.ActiveCfg = Debug|Any CPU
		{B977A3A3-C7A1-4E41-8461-933529D236D0}.Debug|Any CPU.Build.0 = Debug|Any CPU
		{B977A3A3-C7A1-4E41-8461-933529D236D0}.Release|Any CPU.ActiveCfg = Release|Any CPU
		{B977A3A3-C7A1-4E41-8461-933529D236D0}.Release|Any CPU.Build.0 = Release|Any CPU
		{B493D2BC-E73D-47EF-A36E-F161A0046403}.Debug|Any CPU.ActiveCfg = Debug|Any CPU
		{B493D2BC-E73D-47EF-A36E-F161A0046403}.Debug|Any CPU.Build.0 = Debug|Any CPU
		{B493D2BC-E73D-47EF-A36E-F161A0046403}.Release|Any CPU.ActiveCfg = Release|Any CPU
		{B493D2BC-E73D-47EF-A36E-F161A0046403}.Release|Any CPU.Build.0 = Release|Any CPU
		{7B2EA739-6CAF-42A2-9489-218E28964DDF}.Debug|Any CPU.ActiveCfg = Debug|Any CPU
		{7B2EA739-6CAF-42A2-9489-218E28964DDF}.Debug|Any CPU.Build.0 = Debug|Any CPU
		{7B2EA739-6CAF-42A2-9489-218E28964DDF}.Release|Any CPU.ActiveCfg = Release|Any CPU
		{7B2EA739-6CAF-42A2-9489-218E28964DDF}.Release|Any CPU.Build.0 = Release|Any CPU
		{55CFA38D-3F06-41A6-A403-D2E5EED06250}.Debug|Any CPU.ActiveCfg = Debug|Any CPU
		{55CFA38D-3F06-41A6-A403-D2E5EED06250}.Debug|Any CPU.Build.0 = Debug|Any CPU
		{55CFA38D-3F06-41A6-A403-D2E5EED06250}.Release|Any CPU.ActiveCfg = Release|Any CPU
		{55CFA38D-3F06-41A6-A403-D2E5EED06250}.Release|Any CPU.Build.0 = Release|Any CPU
		{117BD92B-CAEA-4783-BAB7-72714B3604B2}.Debug|Any CPU.ActiveCfg = Debug|Any CPU
		{117BD92B-CAEA-4783-BAB7-72714B3604B2}.Debug|Any CPU.Build.0 = Debug|Any CPU
		{117BD92B-CAEA-4783-BAB7-72714B3604B2}.Release|Any CPU.ActiveCfg = Release|Any CPU
		{117BD92B-CAEA-4783-BAB7-72714B3604B2}.Release|Any CPU.Build.0 = Release|Any CPU
	EndGlobalSection
	GlobalSection(SolutionProperties) = preSolution
		HideSolutionNode = FALSE
	EndGlobalSection
	GlobalSection(ExtensibilityGlobals) = postSolution
		SolutionGuid = {88F7BF50-540B-4F43-AB75-128C7C895A38}
	EndGlobalSection
EndGlobal
